
Microsoft Visual Studio Solution File, Format Version 12.00
# Visual Studio 15
VisualStudioVersion = 15.0.27130.2036
MinimumVisualStudioVersion = 10.0.40219.1
Project("{9A19103F-16F7-4668-BE54-9A1E7A4F7556}") = "NoSqlMapper", "NoSqlMapper\NoSqlMapper.csproj", "{CE0B6519-D8BE-46AA-9912-12078BA99A6E}"
EndProject
Project("{9A19103F-16F7-4668-BE54-9A1E7A4F7556}") = "NoSqlMapper.SqlServer", "NoSqlMapper.SqlServer\NoSqlMapper.SqlServer.csproj", "{8A35BE12-5334-4896-BDE2-D44A77168E22}"
EndProject
Project("{9A19103F-16F7-4668-BE54-9A1E7A4F7556}") = "NoSqlMapper.JsonNET", "NoSqlMapper.JsonNET\NoSqlMapper.JsonNET.csproj", "{AC5551C7-D347-4700-9294-B32F03651E91}"
EndProject
Project("{9A19103F-16F7-4668-BE54-9A1E7A4F7556}") = "NoSqlMapper.Test", "NoSqlMapper.Test\NoSqlMapper.Test.csproj", "{BCBD0805-C021-481B-97A4-01B55964AD38}"
EndProject
Global
	GlobalSection(SolutionConfigurationPlatforms) = preSolution
		Debug|Any CPU = Debug|Any CPU
		Release|Any CPU = Release|Any CPU
	EndGlobalSection
	GlobalSection(ProjectConfigurationPlatforms) = postSolution
		{CE0B6519-D8BE-46AA-9912-12078BA99A6E}.Debug|Any CPU.ActiveCfg = Debug|Any CPU
		{CE0B6519-D8BE-46AA-9912-12078BA99A6E}.Debug|Any CPU.Build.0 = Debug|Any CPU
		{CE0B6519-D8BE-46AA-9912-12078BA99A6E}.Release|Any CPU.ActiveCfg = Release|Any CPU
		{CE0B6519-D8BE-46AA-9912-12078BA99A6E}.Release|Any CPU.Build.0 = Release|Any CPU
		{8A35BE12-5334-4896-BDE2-D44A77168E22}.Debug|Any CPU.ActiveCfg = Debug|Any CPU
		{8A35BE12-5334-4896-BDE2-D44A77168E22}.Debug|Any CPU.Build.0 = Debug|Any CPU
		{8A35BE12-5334-4896-BDE2-D44A77168E22}.Release|Any CPU.ActiveCfg = Release|Any CPU
		{8A35BE12-5334-4896-BDE2-D44A77168E22}.Release|Any CPU.Build.0 = Release|Any CPU
		{AC5551C7-D347-4700-9294-B32F03651E91}.Debug|Any CPU.ActiveCfg = Debug|Any CPU
		{AC5551C7-D347-4700-9294-B32F03651E91}.Debug|Any CPU.Build.0 = Debug|Any CPU
		{AC5551C7-D347-4700-9294-B32F03651E91}.Release|Any CPU.ActiveCfg = Release|Any CPU
		{AC5551C7-D347-4700-9294-B32F03651E91}.Release|Any CPU.Build.0 = Release|Any CPU
		{BCBD0805-C021-481B-97A4-01B55964AD38}.Debug|Any CPU.ActiveCfg = Debug|Any CPU
		{BCBD0805-C021-481B-97A4-01B55964AD38}.Debug|Any CPU.Build.0 = Debug|Any CPU
		{BCBD0805-C021-481B-97A4-01B55964AD38}.Release|Any CPU.ActiveCfg = Release|Any CPU
		{BCBD0805-C021-481B-97A4-01B55964AD38}.Release|Any CPU.Build.0 = Release|Any CPU
	EndGlobalSection
	GlobalSection(SolutionProperties) = preSolution
		HideSolutionNode = FALSE
	EndGlobalSection
	GlobalSection(ExtensibilityGlobals) = postSolution
		SolutionGuid = {AE0581AE-2134-46A5-ADB1-1DF5AC9913F3}
	EndGlobalSection
EndGlobal
